
Microsoft Visual Studio Solution File, Format Version 12.00
# Visual Studio 15
VisualStudioVersion = 15.0.27130.2020
MinimumVisualStudioVersion = 10.0.40219.1
Project("{9A19103F-16F7-4668-BE54-9A1E7A4F7556}") = "SS.DiGraph", "SS.DiGraph\SS.DiGraph.csproj", "{5C1D2BDE-632A-40F4-98F6-FFF178F7BBA0}"
EndProject
Global
	GlobalSection(SolutionConfigurationPlatforms) = preSolution
		Debug|Any CPU = Debug|Any CPU
		Release|Any CPU = Release|Any CPU
	EndGlobalSection
	GlobalSection(ProjectConfigurationPlatforms) = postSolution
		{5C1D2BDE-632A-40F4-98F6-FFF178F7BBA0}.Debug|Any CPU.ActiveCfg = Debug|Any CPU
		{5C1D2BDE-632A-40F4-98F6-FFF178F7BBA0}.Debug|Any CPU.Build.0 = Debug|Any CPU
		{5C1D2BDE-632A-40F4-98F6-FFF178F7BBA0}.Release|Any CPU.ActiveCfg = Release|Any CPU
		{5C1D2BDE-632A-40F4-98F6-FFF178F7BBA0}.Release|Any CPU.Build.0 = Release|Any CPU
	EndGlobalSection
	GlobalSection(SolutionProperties) = preSolution
		HideSolutionNode = FALSE
	EndGlobalSection
	GlobalSection(ExtensibilityGlobals) = postSolution
		SolutionGuid = {69012716-F257-4401-BB67-F61009837E2C}
	EndGlobalSection
EndGlobal
